Microsoft Visual Studio Solution File, Format Version 12.00
# Visual Studio Version 17
VisualStudioVersion = 17.13.35919.96
MinimumVisualStudioVersion = 10.0.40219.1
Project("{FAE04EC0-301F-11D3-BF4B-00C04F79EFBC}") = "InventoryApi", "InventoryApi.csproj", "{B63A2428-DF84-452F-9D17-41667A9624D8}"
EndProject
Project("{FAE04EC0-301F-11D3-BF4B-00C04F79EFBC}") = "Domain", "..\Domain\Domain.csproj", "{235E7FFD-0ACD-4BC8-9E1C-7BD2C4D019A1}"
EndProject
Project("{00D1A9C2-B5F0-4AF3-8072-F6C62B433612}") = "InventoryDb", "..\..\Inventory-DB\InventoryDb\InventoryDb.sqlproj", "{DBA51DE4-70DD-4B22-ACA8-5B1A4350E57C}"
EndProject
Project("{FAE04EC0-301F-11D3-BF4B-00C04F79EFBC}") = "NotificationService", "..\..\NotificationService\NotificationService.csproj", "{A919E542-8A97-4D64-BE17-40858364CB57}"
EndProject
Global
	GlobalSection(SolutionConfigurationPlatforms) = preSolution
		Debug|Any CPU = Debug|Any CPU
		Release|Any CPU = Release|Any CPU
	EndGlobalSection
	GlobalSection(ProjectConfigurationPlatforms) = postSolution
		{B63A2428-DF84-452F-9D17-41667A9624D8}.Debug|Any CPU.ActiveCfg = Debug|Any CPU
		{B63A2428-DF84-452F-9D17-41667A9624D8}.Debug|Any CPU.Build.0 = Debug|Any CPU
		{B63A2428-DF84-452F-9D17-41667A9624D8}.Release|Any CPU.ActiveCfg = Release|Any CPU
		{B63A2428-DF84-452F-9D17-41667A9624D8}.Release|Any CPU.Build.0 = Release|Any CPU
		{235E7FFD-0ACD-4BC8-9E1C-7BD2C4D019A1}.Debug|Any CPU.ActiveCfg = Debug|Any CPU
		{235E7FFD-0ACD-4BC8-9E1C-7BD2C4D019A1}.Debug|Any CPU.Build.0 = Debug|Any CPU
		{235E7FFD-0ACD-4BC8-9E1C-7BD2C4D019A1}.Release|Any CPU.ActiveCfg = Release|Any CPU
		{235E7FFD-0ACD-4BC8-9E1C-7BD2C4D019A1}.Release|Any CPU.Build.0 = Release|Any CPU
		{DBA51DE4-70DD-4B22-ACA8-5B1A4350E57C}.Debug|Any CPU.ActiveCfg = Debug|Any CPU
		{DBA51DE4-70DD-4B22-ACA8-5B1A4350E57C}.Debug|Any CPU.Build.0 = Debug|Any CPU
		{DBA51DE4-70DD-4B22-ACA8-5B1A4350E57C}.Debug|Any CPU.Deploy.0 = Debug|Any CPU
		{DBA51DE4-70DD-4B22-ACA8-5B1A4350E57C}.Release|Any CPU.ActiveCfg = Release|Any CPU
		{DBA51DE4-70DD-4B22-ACA8-5B1A4350E57C}.Release|Any CPU.Build.0 = Release|Any CPU
		{DBA51DE4-70DD-4B22-ACA8-5B1A4350E57C}.Release|Any CPU.Deploy.0 = Release|Any CPU
		{A919E542-8A97-4D64-BE17-40858364CB57}.Debug|Any CPU.ActiveCfg = Debug|Any CPU
		{A919E542-8A97-4D64-BE17-40858364CB57}.Debug|Any CPU.Build.0 = Debug|Any CPU
		{A919E542-8A97-4D64-BE17-40858364CB57}.Release|Any CPU.ActiveCfg = Release|Any CPU
		{A919E542-8A97-4D64-BE17-40858364CB57}.Release|Any CPU.Build.0 = Release|Any CPU
	EndGlobalSection
	GlobalSection(SolutionProperties) = preSolution
		HideSolutionNode = FALSE
	EndGlobalSection
	GlobalSection(ExtensibilityGlobals) = postSolution
		SolutionGuid = {B1D6EA9B-CE8B-4128-A271-27D5E80ABD27}
	EndGlobalSection
EndGlobal
