Microsoft Visual Studio Solution File, Format Version 12.00
# Visual Studio Version 17
VisualStudioVersion = 17.13.35919.96
MinimumVisualStudioVersion = 10.0.40219.1
Project("{00D1A9C2-B5F0-4AF3-8072-F6C62B433612}") = "InventoryDb", "InventoryDb.sqlproj", "{DBA51DE4-70DD-4B22-ACA8-5B1A4350E57C}"
EndProject
Global
	GlobalSection(SolutionConfigurationPlatforms) = preSolution
		Debug|Any CPU = Debug|Any CPU
		Release|Any CPU = Release|Any CPU
	EndGlobalSection
	GlobalSection(ProjectConfigurationPlatforms) = postSolution
		{DBA51DE4-70DD-4B22-ACA8-5B1A4350E57C}.Debug|Any CPU.ActiveCfg = Debug|Any CPU
		{DBA51DE4-70DD-4B22-ACA8-5B1A4350E57C}.Debug|Any CPU.Build.0 = Debug|Any CPU
		{DBA51DE4-70DD-4B22-ACA8-5B1A4350E57C}.Debug|Any CPU.Deploy.0 = Debug|Any CPU
		{DBA51DE4-70DD-4B22-ACA8-5B1A4350E57C}.Release|Any CPU.ActiveCfg = Release|Any CPU
		{DBA51DE4-70DD-4B22-ACA8-5B1A4350E57C}.Release|Any CPU.Build.0 = Release|Any CPU
		{DBA51DE4-70DD-4B22-ACA8-5B1A4350E57C}.Release|Any CPU.Deploy.0 = Release|Any CPU
	EndGlobalSection
	GlobalSection(SolutionProperties) = preSolution
		HideSolutionNode = FALSE
	EndGlobalSection
	GlobalSection(ExtensibilityGlobals) = postSolution
		SolutionGuid = {B47E0706-EAD5-40BF-8F72-F8C4F3C8A10C}
	EndGlobalSection
EndGlobal
